
Microsoft Visual Studio Solution File, Format Version 12.00
# Visual Studio 15
VisualStudioVersion = 15.0.28010.2046
MinimumVisualStudioVersion = 10.0.40219.1
Project("{FAE04EC0-301F-11D3-BF4B-00C04F79EFBC}") = "TweeetApp.Android", "TweeetApp\TweeetApp.Android\TweeetApp.Android.csproj", "{DEFE28A8-1445-4D80-9AB6-495F60327DBB}"
EndProject
Project("{FAE04EC0-301F-11D3-BF4B-00C04F79EFBC}") = "TweeetApp.iOS", "TweeetApp\TweeetApp.iOS\TweeetApp.iOS.csproj", "{D4A16CF6-95F3-4767-BE3E-C5916A853814}"
EndProject
Project("{FAE04EC0-301F-11D3-BF4B-00C04F79EFBC}") = "TweeetApp", "TweeetApp\TweeetApp\TweeetApp.csproj", "{B307E1B0-6FE1-4430-B1AD-6C0B8A725C9C}"
EndProject
Global
	GlobalSection(SolutionConfigurationPlatforms) = preSolution
		Ad-Hoc|Any CPU = Ad-Hoc|Any CPU
		Ad-Hoc|iPhone = Ad-Hoc|iPhone
		Ad-Hoc|iPhoneSimulator = Ad-Hoc|iPhoneSimulator
		AppStore|Any CPU = AppStore|Any CPU
		AppStore|iPhone = AppStore|iPhone
		AppStore|iPhoneSimulator = AppStore|iPhoneSimulator
		Debug|Any CPU = Debug|Any CPU
		Debug|iPhone = Debug|iPhone
		Debug|iPhoneSimulator = Debug|iPhoneSimulator
		Release|Any CPU = Release|Any CPU
		Release|iPhone = Release|iPhone
		Release|iPhoneSimulator = Release|iPhoneSimulator
	EndGlobalSection
	GlobalSection(ProjectConfigurationPlatforms) = postSolution
		{DEFE28A8-1445-4D80-9AB6-495F60327DBB}.Ad-Hoc|Any CPU.ActiveCfg = Release|Any CPU
		{DEFE28A8-1445-4D80-9AB6-495F60327DBB}.Ad-Hoc|Any CPU.Build.0 = Release|Any CPU
		{DEFE28A8-1445-4D80-9AB6-495F60327DBB}.Ad-Hoc|Any CPU.Deploy.0 = Release|Any CPU
		{DEFE28A8-1445-4D80-9AB6-495F60327DBB}.Ad-Hoc|iPhone.ActiveCfg = Release|Any CPU
		{DEFE28A8-1445-4D80-9AB6-495F60327DBB}.Ad-Hoc|iPhone.Build.0 = Release|Any CPU
		{DEFE28A8-1445-4D80-9AB6-495F60327DBB}.Ad-Hoc|iPhone.Deploy.0 = Release|Any CPU
		{DEFE28A8-1445-4D80-9AB6-495F60327DBB}.Ad-Hoc|iPhoneSimulator.ActiveCfg = Release|Any CPU
		{DEFE28A8-1445-4D80-9AB6-495F60327DBB}.Ad-Hoc|iPhoneSimulator.Build.0 = Release|Any CPU
		{DEFE28A8-1445-4D80-9AB6-495F60327DBB}.Ad-Hoc|iPhoneSimulator.Deploy.0 = Release|Any CPU
		{DEFE28A8-1445-4D80-9AB6-495F60327DBB}.AppStore|Any CPU.ActiveCfg = Release|Any CPU
		{DEFE28A8-1445-4D80-9AB6-495F60327DBB}.AppStore|Any CPU.Build.0 = Release|Any CPU
		{DEFE28A8-1445-4D80-9AB6-495F60327DBB}.AppStore|Any CPU.Deploy.0 = Release|Any CPU
		{DEFE28A8-1445-4D80-9AB6-495F60327DBB}.AppStore|iPhone.ActiveCfg = Release|Any CPU
		{DEFE28A8-1445-4D80-9AB6-495F60327DBB}.AppStore|iPhone.Build.0 = Release|Any CPU
		{DEFE28A8-1445-4D80-9AB6-495F60327DBB}.AppStore|iPhone.Deploy.0 = Release|Any CPU
		{DEFE28A8-1445-4D80-9AB6-495F60327DBB}.AppStore|iPhoneSimulator.ActiveCfg = Release|Any CPU
		{DEFE28A8-1445-4D80-9AB6-495F60327DBB}.AppStore|iPhoneSimulator.Build.0 = Release|Any CPU
		{DEFE28A8-1445-4D80-9AB6-495F60327DBB}.AppStore|iPhoneSimulator.Deploy.0 = Release|Any CPU
		{DEFE28A8-1445-4D80-9AB6-495F60327DBB}.Debug|Any CPU.ActiveCfg = Debug|Any CPU
		{DEFE28A8-1445-4D80-9AB6-495F60327DBB}.Debug|Any CPU.Build.0 = Debug|Any CPU
		{DEFE28A8-1445-4D80-9AB6-495F60327DBB}.Debug|Any CPU.Deploy.0 = Debug|Any CPU
		{DEFE28A8-1445-4D80-9AB6-495F60327DBB}.Debug|iPhone.ActiveCfg = Debug|Any CPU
		{DEFE28A8-1445-4D80-9AB6-495F60327DBB}.Debug|iPhone.Build.0 = Debug|Any CPU
		{DEFE28A8-1445-4D80-9AB6-495F60327DBB}.Debug|iPhone.Deploy.0 = Debug|Any CPU
		{DEFE28A8-1445-4D80-9AB6-495F60327DBB}.Debug|iPhoneSimulator.ActiveCfg = Debug|Any CPU
		{DEFE28A8-1445-4D80-9AB6-495F60327DBB}.Debug|iPhoneSimulator.Build.0 = Debug|Any CPU
		{DEFE28A8-1445-4D80-9AB6-495F60327DBB}.Debug|iPhoneSimulator.Deploy.0 = Debug|Any CPU
		{DEFE28A8-1445-4D80-9AB6-495F60327DBB}.Release|Any CPU.ActiveCfg = Release|Any CPU
		{DEFE28A8-1445-4D80-9AB6-495F60327DBB}.Release|Any CPU.Build.0 = Release|Any CPU
		{DEFE28A8-1445-4D80-9AB6-495F60327DBB}.Release|Any CPU.Deploy.0 = Release|Any CPU
		{DEFE28A8-1445-4D80-9AB6-495F60327DBB}.Release|iPhone.ActiveCfg = Release|Any CPU
		{DEFE28A8-1445-4D80-9AB6-495F60327DBB}.Release|iPhone.Build.0 = Release|Any CPU
		{DEFE28A8-1445-4D80-9AB6-495F60327DBB}.Release|iPhone.Deploy.0 = Release|Any CPU
		{DEFE28A8-1445-4D80-9AB6-495F60327DBB}.Release|iPhoneSimulator.ActiveCfg = Release|Any CPU
		{DEFE28A8-1445-4D80-9AB6-495F60327DBB}.Release|iPhoneSimulator.Build.0 = Release|Any CPU
		{DEFE28A8-1445-4D80-9AB6-495F60327DBB}.Release|iPhoneSimulator.Deploy.0 = Release|Any CPU
		{D4A16CF6-95F3-4767-BE3E-C5916A853814}.Ad-Hoc|Any CPU.ActiveCfg = Ad-Hoc|iPhone
		{D4A16CF6-95F3-4767-BE3E-C5916A853814}.Ad-Hoc|Any CPU.Build.0 = Ad-Hoc|iPhone
		{D4A16CF6-95F3-4767-BE3E-C5916A853814}.Ad-Hoc|Any CPU.Deploy.0 = Ad-Hoc|iPhone
		{D4A16CF6-95F3-4767-BE3E-C5916A853814}.Ad-Hoc|iPhone.ActiveCfg = Ad-Hoc|iPhone
		{D4A16CF6-95F3-4767-BE3E-C5916A853814}.Ad-Hoc|iPhone.Build.0 = Ad-Hoc|iPhone
		{D4A16CF6-95F3-4767-BE3E-C5916A853814}.Ad-Hoc|iPhone.Deploy.0 = Ad-Hoc|iPhone
		{D4A16CF6-95F3-4767-BE3E-C5916A853814}.Ad-Hoc|iPhoneSimulator.ActiveCfg = Ad-Hoc|iPhoneSimulator
		{D4A16CF6-95F3-4767-BE3E-C5916A853814}.Ad-Hoc|iPhoneSimulator.Build.0 = Ad-Hoc|iPhoneSimulator
		{D4A16CF6-95F3-4767-BE3E-C5916A853814}.Ad-Hoc|iPhoneSimulator.Deploy.0 = Ad-Hoc|iPhoneSimulator
		{D4A16CF6-95F3-4767-BE3E-C5916A853814}.AppStore|Any CPU.ActiveCfg = AppStore|iPhone
		{D4A16CF6-95F3-4767-BE3E-C5916A853814}.AppStore|Any CPU.Build.0 = AppStore|iPhone
		{D4A16CF6-95F3-4767-BE3E-C5916A853814}.AppStore|Any CPU.Deploy.0 = AppStore|iPhone
		{D4A16CF6-95F3-4767-BE3E-C5916A853814}.AppStore|iPhone.ActiveCfg = AppStore|iPhone
		{D4A16CF6-95F3-4767-BE3E-C5916A853814}.AppStore|iPhone.Build.0 = AppStore|iPhone
		{D4A16CF6-95F3-4767-BE3E-C5916A853814}.AppStore|iPhone.Deploy.0 = AppStore|iPhone
		{D4A16CF6-95F3-4767-BE3E-C5916A853814}.AppStore|iPhoneSimulator.ActiveCfg = AppStore|iPhoneSimulator
		{D4A16CF6-95F3-4767-BE3E-C5916A853814}.AppStore|iPhoneSimulator.Build.0 = AppStore|iPhoneSimulator
		{D4A16CF6-95F3-4767-BE3E-C5916A853814}.AppStore|iPhoneSimulator.Deploy.0 = AppStore|iPhoneSimulator
		{D4A16CF6-95F3-4767-BE3E-C5916A853814}.Debug|Any CPU.ActiveCfg = Debug|iPhoneSimulator
		{D4A16CF6-95F3-4767-BE3E-C5916A853814}.Debug|Any CPU.Build.0 = Debug|iPhoneSimulator
		{D4A16CF6-95F3-4767-BE3E-C5916A853814}.Debug|Any CPU.Deploy.0 = Debug|iPhoneSimulator
		{D4A16CF6-95F3-4767-BE3E-C5916A853814}.Debug|iPhone.ActiveCfg = Debug|iPhone
		{D4A16CF6-95F3-4767-BE3E-C5916A853814}.Debug|iPhone.Build.0 = Debug|iPhone
		{D4A16CF6-95F3-4767-BE3E-C5916A853814}.Debug|iPhone.Deploy.0 = Debug|iPhone
		{D4A16CF6-95F3-4767-BE3E-C5916A853814}.Debug|iPhoneSimulator.ActiveCfg = Debug|iPhoneSimulator
		{D4A16CF6-95F3-4767-BE3E-C5916A853814}.Debug|iPhoneSimulator.Build.0 = Debug|iPhoneSimulator
		{D4A16CF6-95F3-4767-BE3E-C5916A853814}.Debug|iPhoneSimulator.Deploy.0 = Debug|iPhoneSimulator
		{D4A16CF6-95F3-4767-BE3E-C5916A853814}.Release|Any CPU.ActiveCfg = Release|iPhone
		{D4A16CF6-95F3-4767-BE3E-C5916A853814}.Release|Any CPU.Build.0 = Release|iPhone
		{D4A16CF6-95F3-4767-BE3E-C5916A853814}.Release|Any CPU.Deploy.0 = Release|iPhone
		{D4A16CF6-95F3-4767-BE3E-C5916A853814}.Release|iPhone.ActiveCfg = Release|iPhone
		{D4A16CF6-95F3-4767-BE3E-C5916A853814}.Release|iPhone.Build.0 = Release|iPhone
		{D4A16CF6-95F3-4767-BE3E-C5916A853814}.Release|iPhone.Deploy.0 = Release|iPhone
		{D4A16CF6-95F3-4767-BE3E-C5916A853814}.Release|iPhoneSimulator.ActiveCfg = Release|iPhoneSimulator
		{D4A16CF6-95F3-4767-BE3E-C5916A853814}.Release|iPhoneSimulator.Build.0 = Release|iPhoneSimulator
		{D4A16CF6-95F3-4767-BE3E-C5916A853814}.Release|iPhoneSimulator.Deploy.0 = Release|iPhoneSimulator
		{B307E1B0-6FE1-4430-B1AD-6C0B8A725C9C}.Ad-Hoc|Any CPU.ActiveCfg = Debug|Any CPU
		{B307E1B0-6FE1-4430-B1AD-6C0B8A725C9C}.Ad-Hoc|Any CPU.Build.0 = Debug|Any CPU
		{B307E1B0-6FE1-4430-B1AD-6C0B8A725C9C}.Ad-Hoc|Any CPU.Deploy.0 = Debug|Any CPU
		{B307E1B0-6FE1-4430-B1AD-6C0B8A725C9C}.Ad-Hoc|iPhone.ActiveCfg = Debug|Any CPU
		{B307E1B0-6FE1-4430-B1AD-6C0B8A725C9C}.Ad-Hoc|iPhone.Build.0 = Debug|Any CPU
		{B307E1B0-6FE1-4430-B1AD-6C0B8A725C9C}.Ad-Hoc|iPhone.Deploy.0 = Debug|Any CPU
		{B307E1B0-6FE1-4430-B1AD-6C0B8A725C9C}.Ad-Hoc|iPhoneSimulator.ActiveCfg = Debug|Any CPU
		{B307E1B0-6FE1-4430-B1AD-6C0B8A725C9C}.Ad-Hoc|iPhoneSimulator.Build.0 = Debug|Any CPU
		{B307E1B0-6FE1-4430-B1AD-6C0B8A725C9C}.Ad-Hoc|iPhoneSimulator.Deploy.0 = Debug|Any CPU
		{B307E1B0-6FE1-4430-B1AD-6C0B8A725C9C}.AppStore|Any CPU.ActiveCfg = Debug|Any CPU
		{B307E1B0-6FE1-4430-B1AD-6C0B8A725C9C}.AppStore|Any CPU.Build.0 = Debug|Any CPU
		{B307E1B0-6FE1-4430-B1AD-6C0B8A725C9C}.AppStore|Any CPU.Deploy.0 = Debug|Any CPU
		{B307E1B0-6FE1-4430-B1AD-6C0B8A725C9C}.AppStore|iPhone.ActiveCfg = Debug|Any CPU
		{B307E1B0-6FE1-4430-B1AD-6C0B8A725C9C}.AppStore|iPhone.Build.0 = Debug|Any CPU
		{B307E1B0-6FE1-4430-B1AD-6C0B8A725C9C}.AppStore|iPhone.Deploy.0 = Debug|Any CPU
		{B307E1B0-6FE1-4430-B1AD-6C0B8A725C9C}.AppStore|iPhoneSimulator.ActiveCfg = Debug|Any CPU
		{B307E1B0-6FE1-4430-B1AD-6C0B8A725C9C}.AppStore|iPhoneSimulator.Build.0 = Debug|Any CPU
		{B307E1B0-6FE1-4430-B1AD-6C0B8A725C9C}.AppStore|iPhoneSimulator.Deploy.0 = Debug|Any CPU
		{B307E1B0-6FE1-4430-B1AD-6C0B8A725C9C}.Debug|Any CPU.ActiveCfg = Debug|Any CPU
		{B307E1B0-6FE1-4430-B1AD-6C0B8A725C9C}.Debug|Any CPU.Build.0 = Debug|Any CPU
		{B307E1B0-6FE1-4430-B1AD-6C0B8A725C9C}.Debug|Any CPU.Deploy.0 = Debug|Any CPU
		{B307E1B0-6FE1-4430-B1AD-6C0B8A725C9C}.Debug|iPhone.ActiveCfg = Debug|Any CPU
		{B307E1B0-6FE1-4430-B1AD-6C0B8A725C9C}.Debug|iPhone.Build.0 = Debug|Any CPU
		{B307E1B0-6FE1-4430-B1AD-6C0B8A725C9C}.Debug|iPhone.Deploy.0 = Debug|Any CPU
		{B307E1B0-6FE1-4430-B1AD-6C0B8A725C9C}.Debug|iPhoneSimulator.ActiveCfg = Debug|Any CPU
		{B307E1B0-6FE1-4430-B1AD-6C0B8A725C9C}.Debug|iPhoneSimulator.Build.0 = Debug|Any CPU
		{B307E1B0-6FE1-4430-B1AD-6C0B8A725C9C}.Debug|iPhoneSimulator.Deploy.0 = Debug|Any CPU
		{B307E1B0-6FE1-4430-B1AD-6C0B8A725C9C}.Release|Any CPU.ActiveCfg = Release|Any CPU
		{B307E1B0-6FE1-4430-B1AD-6C0B8A725C9C}.Release|Any CPU.Build.0 = Release|Any CPU
		{B307E1B0-6FE1-4430-B1AD-6C0B8A725C9C}.Release|Any CPU.Deploy.0 = Release|Any CPU
		{B307E1B0-6FE1-4430-B1AD-6C0B8A725C9C}.Release|iPhone.ActiveCfg = Release|Any CPU
		{B307E1B0-6FE1-4430-B1AD-6C0B8A725C9C}.Release|iPhone.Build.0 = Release|Any CPU
		{B307E1B0-6FE1-4430-B1AD-6C0B8A725C9C}.Release|iPhone.Deploy.0 = Release|Any CPU
		{B307E1B0-6FE1-4430-B1AD-6C0B8A725C9C}.Release|iPhoneSimulator.ActiveCfg = Release|Any CPU
		{B307E1B0-6FE1-4430-B1AD-6C0B8A725C9C}.Release|iPhoneSimulator.Build.0 = Release|Any CPU
		{B307E1B0-6FE1-4430-B1AD-6C0B8A725C9C}.Release|iPhoneSimulator.Deploy.0 = Release|Any CPU
	EndGlobalSection
	GlobalSection(SolutionProperties) = preSolution
		HideSolutionNode = FALSE
	EndGlobalSection
	GlobalSection(ExtensibilityGlobals) = postSolution
		SolutionGuid = {224DEE88-35C4-42CF-B778-5D062A5D6B43}
	EndGlobalSection
EndGlobal
